
Microsoft Visual Studio Solution File, Format Version 12.00
# Visual Studio 15
VisualStudioVersion = 15.0.26228.4
MinimumVisualStudioVersion = 10.0.40219.1
Project("{FAE04EC0-301F-11D3-BF4B-00C04F79EFBC}") = "ZPMOD_Kakashi", "ZPMOD_Kakashi\ZPMOD_Kakashi.csproj", "{7CEBF244-EA6E-4098-A66B-44B94D08C16C}"
EndProject
Global
	GlobalSection(SolutionConfigurationPlatforms) = preSolution
		Debug|Any CPU = Debug|Any CPU
		Release|Any CPU = Release|Any CPU
	EndGlobalSection
	GlobalSection(ProjectConfigurationPlatforms) = postSolution
		{7CEBF244-EA6E-4098-A66B-44B94D08C16C}.Debug|Any CPU.ActiveCfg = Debug|Any CPU
		{7CEBF244-EA6E-4098-A66B-44B94D08C16C}.Debug|Any CPU.Build.0 = Debug|Any CPU
		{7CEBF244-EA6E-4098-A66B-44B94D08C16C}.Release|Any CPU.ActiveCfg = Release|Any CPU
		{7CEBF244-EA6E-4098-A66B-44B94D08C16C}.Release|Any CPU.Build.0 = Release|Any CPU
	EndGlobalSection
	GlobalSection(SolutionProperties) = preSolution
		HideSolutionNode = FALSE
	EndGlobalSection
EndGlobal
